
Microsoft Visual Studio Solution File, Format Version 12.00
# Visual Studio Version 17
VisualStudioVersion = 17.8.34408.163
MinimumVisualStudioVersion = 10.0.40219.1
Project("{FAE04EC0-301F-11D3-BF4B-00C04F79EFBC}") = "Excercise", "Excercise\Excercise.csproj", "{FC4D22A9-CFE6-4534-BAE5-2795CA3DD612}"
EndProject
Global
	GlobalSection(SolutionConfigurationPlatforms) = preSolution
		Debug|Any CPU = Debug|Any CPU
		Release|Any CPU = Release|Any CPU
	EndGlobalSection
	GlobalSection(ProjectConfigurationPlatforms) = postSolution
		{FC4D22A9-CFE6-4534-BAE5-2795CA3DD612}.Debug|Any CPU.ActiveCfg = Debug|Any CPU
		{FC4D22A9-CFE6-4534-BAE5-2795CA3DD612}.Debug|Any CPU.Build.0 = Debug|Any CPU
		{FC4D22A9-CFE6-4534-BAE5-2795CA3DD612}.Release|Any CPU.ActiveCfg = Release|Any CPU
		{FC4D22A9-CFE6-4534-BAE5-2795CA3DD612}.Release|Any CPU.Build.0 = Release|Any CPU
	EndGlobalSection
	GlobalSection(SolutionProperties) = preSolution
		HideSolutionNode = FALSE
	EndGlobalSection
	GlobalSection(ExtensibilityGlobals) = postSolution
		SolutionGuid = {6AF099C1-CE07-4745-88EE-7947B222A098}
	EndGlobalSection
EndGlobal
